
Microsoft Visual Studio Solution File, Format Version 12.00
# Visual Studio Version 17
VisualStudioVersion = 17.10.35027.167
MinimumVisualStudioVersion = 10.0.40219.1
Project("{9A19103F-16F7-4668-BE54-9A1E7A4F7556}") = "Tcc", "Tcc.csproj", "{AD2ADC98-ACC1-47D7-9A89-19171EFB7C91}"
EndProject
Project("{2150E333-8FDC-42A3-9474-1A3956D46DE8}") = "Itens de Solução", "Itens de Solução", "{376F08A4-C932-4CB5-882A-8A57CD94D1BB}"
EndProject
Global
	GlobalSection(SolutionConfigurationPlatforms) = preSolution
		Debug|Any CPU = Debug|Any CPU
		Release|Any CPU = Release|Any CPU
	EndGlobalSection
	GlobalSection(ProjectConfigurationPlatforms) = postSolution
		{AD2ADC98-ACC1-47D7-9A89-19171EFB7C91}.Debug|Any CPU.ActiveCfg = Debug|Any CPU
		{AD2ADC98-ACC1-47D7-9A89-19171EFB7C91}.Debug|Any CPU.Build.0 = Debug|Any CPU
		{AD2ADC98-ACC1-47D7-9A89-19171EFB7C91}.Release|Any CPU.ActiveCfg = Release|Any CPU
		{AD2ADC98-ACC1-47D7-9A89-19171EFB7C91}.Release|Any CPU.Build.0 = Release|Any CPU
	EndGlobalSection
	GlobalSection(SolutionProperties) = preSolution
		HideSolutionNode = FALSE
	EndGlobalSection
	GlobalSection(ExtensibilityGlobals) = postSolution
		SolutionGuid = {0513C461-CC96-4769-B362-396C53E11F7A}
	EndGlobalSection
EndGlobal
